// !$*UTF8*$!
{
	archiveVersion = 1;
	classes = {
	};
	objectVersion = 46;
	objects = {

/* Begin PBXBuildFile section */
		84CAA10B1D0959E300ECE4FF /* AppDelegate.swift in Sources */ = {isa = PBXBuildFile; fileRef = 84CAA10A1D0959E300ECE4FF /* AppDelegate.swift */; };
		84CAA10D1D0959E300ECE4FF /* ViewController.swift in Sources */ = {isa = PBXBuildFile; fileRef = 84CAA10C1D0959E300ECE4FF /* ViewController.swift */; };
		84CAA1101D0959E300ECE4FF /* Main.storyboard in Resources */ = {isa = PBXBuildFile; fileRef = 84CAA10E1D0959E300ECE4FF /* Main.storyboard */; };
		84CAA1121D0959E300ECE4FF /* Assets.xcassets in Resources */ = {isa = PBXBuildFile; fileRef = 84CAA1111D0959E300ECE4FF /* Assets.xcassets */; };
		84CAA1151D0959E300ECE4FF /* LaunchScreen.storyboard in Resources */ = {isa = PBXBuildFile; fileRef = 84CAA1131D0959E300ECE4FF /* LaunchScreen.storyboard */; };
		84CAA11D1D095B0E00ECE4FF /* Settings.bundle in Resources */ = {isa = PBXBuildFile; fileRef = 84CAA11C1D095B0E00ECE4FF /* Settings.bundle */; };
/* End PBXBuildFile section */

/* Begin PBXFileReference section */
		84CAA1071D0959E300ECE4FF /* AppSetting.app */ = {isa = PBXFileReference; explicitFileType = wrapper.application; includeInIndex = 0; path = AppSetting.app; sourceTree = BUILT_PRODUCTS_DIR; };
		84CAA10A1D0959E300ECE4FF /* AppDelegate.swift */ = {isa = PBXFileReference; lastKnownFileType = sourcecode.swift; path = AppDelegate.swift; sourceTree = "<group>"; };
		84CAA10C1D0959E300ECE4FF /* ViewController.swift */ = {isa = PBXFileReference; lastKnownFileType = sourcecode.swift; path = ViewController.swift; sourceTree = "<group>"; };
		84CAA10F1D0959E300ECE4FF /* Base */ = {isa = PBXFileReference; lastKnownFileType = file.storyboard; name = Base; path = Base.lproj/Main.storyboard; sourceTree = "<group>"; };
		84CAA1111D0959E300ECE4FF /* Assets.xcassets */ = {isa = PBXFileReference; lastKnownFileType = folder.assetcatalog; path = Assets.xcassets; sourceTree = "<group>"; };
		84CAA1141D0959E300ECE4FF /* Base */ = {isa = PBXFileReference; lastKnownFileType = file.storyboard; name = Base; path = Base.lproj/LaunchScreen.storyboard; sourceTree = "<group>"; };
		84CAA1161D0959E300ECE4FF /* Info.plist */ = {isa = PBXFileReference; lastKnownFileType = text.plist.xml; path = Info.plist; sourceTree = "<group>"; };
		84CAA11C1D095B0E00ECE4FF /* Settings.bundle */ = {isa = PBXFileReference; lastKnownFileType = "wrapper.plug-in"; path = Settings.bundle; sourceTree = "<group>"; };
/* End PBXFileReference section */

/* Begin PBXFrameworksBuildPhase section */
		84CAA1041D0959E300ECE4FF /* Frameworks */ = {
			isa = PBXFrameworksBuildPhase;
			buildActionMask = 2147483647;
			files = (
			);
			runOnlyForDeploymentPostprocessing = 0;
		};
/* End PBXFrameworksBuildPhase section */

/* Begin PBXGroup section */
		84CAA0FE1D0959E300ECE4FF = {
			isa = PBXGroup;
			children = (
				84CAA1091D0959E300ECE4FF /* AppSetting */,
				84CAA1081D0959E300ECE4FF /* Products */,
			);
			sourceTree = "<group>";
		};
		84CAA1081D0959E300ECE4FF /* Products */ = {
			isa = PBXGroup;
			children = (
				84CAA1071D0959E300ECE4FF /* AppSetting.app */,
			);
			name = Products;
			sourceTree = "<group>";
		};
		84CAA1091D0959E300ECE4FF /* AppSetting */ = {
			isa = PBXGroup;
			children = (
				84CAA11C1D095B0E00ECE4FF /* Settings.bundle */,
				84CAA10A1D0959E300ECE4FF /* AppDelegate.swift */,
				84CAA10C1D0959E300ECE4FF /* ViewController.swift */,
				84CAA10E1D0959E300ECE4FF /* Main.storyboard */,
				84CAA1111D0959E300ECE4FF /* Assets.xcassets */,
				84CAA1131D0959E300ECE4FF /* LaunchScreen.storyboard */,
				84CAA1161D0959E300ECE4FF /* Info.plist */,
			);
			path = AppSetting;
			sourceTree = "<group>";
		};
/* End PBXGroup section */

/* Begin PBXNativeTarget section */
		84CAA1061D0959E300ECE4FF /* AppSetting */ = {
			isa = PBXNativeTarget;
			buildConfigurationList = 84CAA1191D0959E300ECE4FF /* Build configuration list for PBXNativeTarget "AppSetting" */;
			buildPhases = (
				84CAA1031D0959E300ECE4FF /* Sources */,
				84CAA1041D0959E300ECE4FF /* Frameworks */,
				84CAA1051D0959E300ECE4FF /* Resources */,
			);
			buildRules = (
			);
			dependencies = (
			);
			name = AppSetting;
			productName = AppSetting;
			productReference = 84CAA1071D0959E300ECE4FF /* AppSetting.app */;
			productType = "com.apple.product-type.application";
		};
/* End PBXNativeTarget section */

/* Begin PBXProject section */
		84CAA0FF1D0959E300ECE4FF /* Project object */ = {
			isa = PBXProject;
			attributes = {
				LastSwiftUpdateCheck = 0730;
				LastUpgradeCheck = 0730;
				ORGANIZATIONNAME = tianxing;
				TargetAttributes = {
					84CAA1061D0959E300ECE4FF = {
						CreatedOnToolsVersion = 7.3.1;
					};
				};
			};
			buildConfigurationList = 84CAA1021D0959E300ECE4FF /* Build configuration list for PBXProject "AppSetting" */;
			compatibilityVersion = "Xcode 3.2";
			developmentRegion = English;
			hasScannedForEncodings = 0;
			knownRegions = (
				en,
				Base,
			);
			mainGroup = 84CAA0FE1D0959E300ECE4FF;
			productRefGroup = 84CAA1081D0959E300ECE4FF /* Products */;
			projectDirPath = "";
			projectRoot = "";
			targets = (
				84CAA1061D0959E300ECE4FF /* AppSetting */,
			);
		};
/* End PBXProject section */

/* Begin PBXResourcesBuildPhase section */
		84CAA1051D0959E300ECE4FF /* Resources */ = {
			isa = PBXResourcesBuildPhase;
			buildActionMask = 2147483647;
			files = (
				84CAA11D1D095B0E00ECE4FF /* Settings.bundle in Resources */,
				84CAA1151D0959E300ECE4FF /* LaunchScreen.storyboard in Resources */,
				84CAA1121D0959E300ECE4FF /* Assets.xcassets in Resources */,
				84CAA1101D0959E300ECE4FF /* Main.storyboard in Resources */,
			);
			runOnlyForDeploymentPostprocessing = 0;
		};
/* End PBXResourcesBuildPhase section */

/* Begin PBXSourcesBuildPhase section */
		84CAA1031D0959E300ECE4FF /* Sources */ = {
			isa = PBXSourcesBuildPhase;
			buildActionMask = 2147483647;
			files = (
				84CAA10D1D0959E300ECE4FF /* ViewController.swift in Sources */,
				84CAA10B1D0959E300ECE4FF /* AppDelegate.swift in Sources */,
			);
			runOnlyForDeploymentPostprocessing = 0;
		};
/* End PBXSourcesBuildPhase section */

/* Begin PBXVariantGroup section */
		84CAA10E1D0959E300ECE4FF /* Main.storyboard */ = {
			isa = PBXVariantGroup;
			children = (
				84CAA10F1D0959E300ECE4FF /* Base */,
			);
			name = Main.storyboard;
			sourceTree = "<group>";
		};
		84CAA1131D0959E300ECE4FF /* LaunchScreen.storyboard */ = {
			isa = PBXVariantGroup;
			children = (
				84CAA1141D0959E300ECE4FF /* Base */,
			);
			name = LaunchScreen.storyboard;
			sourceTree = "<group>";
		};
/* End PBXVariantGroup section */

/* Begin XCBuildConfiguration section */
		84CAA1171D0959E300ECE4FF /* Debug */ = {
			isa = XCBuildConfiguration;
			buildSettings = {
				ALWAYS_SEARCH_USER_PATHS = NO;
				CLANG_ANALYZER_NONNULL = YES;
				CLANG_CXX_LANGUAGE_STANDARD = "gnu++0x";
				CLANG_CXX_LIBRARY = "libc++";
				CLANG_ENABLE_MODULES = YES;
				CLANG_ENABLE_OBJC_ARC = YES;
				CLANG_WARN_BOOL_CONVERSION = YES;
				CLANG_WARN_CONSTANT_CONVERSION = YES;
				CLANG_WARN_DIRECT_OBJC_ISA_USAGE = YES_ERROR;
				CLANG_WARN_EMPTY_BODY = YES;
				CLANG_WARN_ENUM_CONVERSION = YES;
				CLANG_WARN_INT_CONVERSION = YES;
				CLANG_WARN_OBJC_ROOT_CLASS = YES_ERROR;
				CLANG_WARN_UNREACHABLE_CODE = YES;
				CLANG_WARN__DUPLICATE_METHOD_MATCH = YES;
				"CODE_SIGN_IDENTITY[sdk=iphoneos*]" = "iPhone Developer";
				COPY_PHASE_STRIP = NO;
				DEBUG_INFORMATION_FORMAT = dwarf;
				ENABLE_STRICT_OBJC_MSGSEND = YES;
				ENABLE_TESTABILITY = YES;
				GCC_C_LANGUAGE_STANDARD = gnu99;
				GCC_DYNAMIC_NO_PIC = NO;
				GCC_NO_COMMON_BLOCKS = YES;
				GCC_OPTIMIZATION_LEVEL = 0;
				GCC_PREPROCESSOR_DEFINITIONS = (
					"DEBUG=1",
					"$(inherited)",
				);
				GCC_WARN_64_TO_32_BIT_CONVERSION = YES;
				GCC_WARN_ABOUT_RETURN_TYPE = YES_ERROR;
				GCC_WARN_UNDECLARED_SELECTOR = YES;
				GCC_WARN_UNINITIALIZED_AUTOS = YES_AGGRESSIVE;
				GCC_WARN_UNUSED_FUNCTION = YES;
				GCC_WARN_UNUSED_VARIABLE = YES;
				IPHONEOS_DEPLOYMENT_TARGET = 9.3;
				MTL_ENABLE_DEBUG_INFO = YES;
				ONLY_ACTIVE_ARCH = YES;
				SDKROOT = iphoneos;
				SWIFT_OPTIMIZATION_LEVEL = "-Onone";
			};
			name = Debug;
		};
		84CAA1181D0959E300ECE4FF /* Release */ = {
			isa = XCBuildConfiguration;
			buildSettings = {
				ALWAYS_SEARCH_USER_PATHS = NO;
				CLANG_ANALYZER_NONNULL = YES;
				CLANG_CXX_LANGUAGE_STANDARD = "gnu++0x";
				CLANG_CXX_LIBRARY = "libc++";
				CLANG_ENABLE_MODULES = YES;
				CLANG_ENABLE_OBJC_ARC = YES;
				CLANG_WARN_BOOL_CONVERSION = YES;
				CLANG_WARN_CONSTANT_CONVERSION = YES;
				CLANG_WARN_DIRECT_OBJC_ISA_USAGE = YES_ERROR;
				CLANG_WARN_EMPTY_BODY = YES;
				CLANG_WARN_ENUM_CONVERSION = YES;
				CLANG_WARN_INT_CONVERSION = YES;
				CLANG_WARN_OBJC_ROOT_CLASS = YES_ERROR;
				CLANG_WARN_UNREACHABLE_CODE = YES;
				CLANG_WARN__DUPLICATE_METHOD_MATCH = YES;
				"CODE_SIGN_IDENTITY[sdk=iphoneos*]" = "iPhone Developer";
				COPY_PHASE_STRIP = NO;
				DEBUG_INFORMATION_FORMAT = "dwarf-with-dsym";
				ENABLE_NS_ASSERTIONS = NO;
				ENABLE_STRICT_OBJC_MSGSEND = YES;
				GCC_C_LANGUAGE_STANDARD = gnu99;
				GCC_NO_COMMON_BLOCKS = YES;
				GCC_WARN_64_TO_32_BIT_CONVERSION = YES;
				GCC_WARN_ABOUT_RETURN_TYPE = YES_ERROR;
				GCC_WARN_UNDECLARED_SELECTOR = YES;
				GCC_WARN_UNINITIALIZED_AUTOS = YES_AGGRESSIVE;
				GCC_WARN_UNUSED_FUNCTION = YES;
				GCC_WARN_UNUSED_VARIABLE = YES;
				IPHONEOS_DEPLOYMENT_TARGET = 9.3;
				MTL_ENABLE_DEBUG_INFO = NO;
				SDKROOT = iphoneos;
				VALIDATE_PRODUCT = YES;
			};
			name = Release;
		};
		84CAA11A1D0959E300ECE4FF /* Debug */ = {
			isa = XCBuildConfiguration;
			buildSettings = {
				ASSETCATALOG_COMPILER_APPICON_NAME = AppIcon;
				INFOPLIST_FILE = AppSetting/Info.plist;
				LD_RUNPATH_SEARCH_PATHS = "$(inherited) @executable_path/Frameworks";
				PRODUCT_BUNDLE_IDENTIFIER = com.tianxing.AppSetting;
				PRODUCT_NAME = "$(TARGET_NAME)";
			};
			name = Debug;
		};
		84CAA11B1D0959E300ECE4FF /* Release */ = {
			isa = XCBuildConfiguration;
			buildSettings = {
				ASSETCATALOG_COMPILER_APPICON_NAME = AppIcon;
				INFOPLIST_FILE = AppSetting/Info.plist;
				LD_RUNPATH_SEARCH_PATHS = "$(inherited) @executable_path/Frameworks";
				PRODUCT_BUNDLE_IDENTIFIER = com.tianxing.AppSetting;
				PRODUCT_NAME = "$(TARGET_NAME)";
			};
			name = Release;
		};
/* End XCBuildConfiguration section */

/* Begin XCConfigurationList section */
		84CAA1021D0959E300ECE4FF /* Build configuration list for PBXProject "AppSetting" */ = {
			isa = XCConfigurationList;
			buildConfigurations = (
				84CAA1171D0959E300ECE4FF /* Debug */,
				84CAA1181D0959E300ECE4FF /* Release */,
			);
			defaultConfigurationIsVisible = 0;
			defaultConfigurationName = Release;
		};
		84CAA1191D0959E300ECE4FF /* Build configuration list for PBXNativeTarget "AppSetting" */ = {
			isa = XCConfigurationList;
			buildConfigurations = (
				84CAA11A1D0959E300ECE4FF /* Debug */,
				84CAA11B1D0959E300ECE4FF /* Release */,
			);
			defaultConfigurationIsVisible = 0;
		};
/* End XCConfigurationList section */
	};
	rootObject = 84CAA0FF1D0959E300ECE4FF /* Project object */;
}
